
Microsoft Visual Studio Solution File, Format Version 12.00
# Visual Studio 15
VisualStudioVersion = 15.0.27703.2035
MinimumVisualStudioVersion = 10.0.40219.1
Project("{FAE04EC0-301F-11D3-BF4B-00C04F79EFBC}") = "Jobs_offers", "Jobs_offers\Jobs_offers.csproj", "{51B62CC0-F3B1-46FE-8580-E4B3F0F59D25}"
EndProject
Global
	GlobalSection(SolutionConfigurationPlatforms) = preSolution
		Debug|Any CPU = Debug|Any CPU
		Release|Any CPU = Release|Any CPU
	EndGlobalSection
	GlobalSection(ProjectConfigurationPlatforms) = postSolution
		{51B62CC0-F3B1-46FE-8580-E4B3F0F59D25}.Debug|Any CPU.ActiveCfg = Debug|Any CPU
		{51B62CC0-F3B1-46FE-8580-E4B3F0F59D25}.Debug|Any CPU.Build.0 = Debug|Any CPU
		{51B62CC0-F3B1-46FE-8580-E4B3F0F59D25}.Release|Any CPU.ActiveCfg = Release|Any CPU
		{51B62CC0-F3B1-46FE-8580-E4B3F0F59D25}.Release|Any CPU.Build.0 = Release|Any CPU
	EndGlobalSection
	GlobalSection(SolutionProperties) = preSolution
		HideSolutionNode = FALSE
	EndGlobalSection
	GlobalSection(ExtensibilityGlobals) = postSolution
		SolutionGuid = {F394C593-AF18-48FF-A6C1-BC14C7A47E51}
	EndGlobalSection
EndGlobal
